
Microsoft Visual Studio Solution File, Format Version 12.00
# Visual Studio Version 17
VisualStudioVersion = 17.7.34031.279
MinimumVisualStudioVersion = 10.0.40219.1
Project("{FAE04EC0-301F-11D3-BF4B-00C04F79EFBC}") = "lab2_api_aws", "lab2_api_aws\lab2_api_aws.csproj", "{FEDAAE2F-91BE-4C46-9870-75B545EAFAB2}"
EndProject
Global
	GlobalSection(SolutionConfigurationPlatforms) = preSolution
		Debug|Any CPU = Debug|Any CPU
		Release|Any CPU = Release|Any CPU
	EndGlobalSection
	GlobalSection(ProjectConfigurationPlatforms) = postSolution
		{FEDAAE2F-91BE-4C46-9870-75B545EAFAB2}.Debug|Any CPU.ActiveCfg = Debug|Any CPU
		{FEDAAE2F-91BE-4C46-9870-75B545EAFAB2}.Debug|Any CPU.Build.0 = Debug|Any CPU
		{FEDAAE2F-91BE-4C46-9870-75B545EAFAB2}.Release|Any CPU.ActiveCfg = Release|Any CPU
		{FEDAAE2F-91BE-4C46-9870-75B545EAFAB2}.Release|Any CPU.Build.0 = Release|Any CPU
	EndGlobalSection
	GlobalSection(SolutionProperties) = preSolution
		HideSolutionNode = FALSE
	EndGlobalSection
	GlobalSection(ExtensibilityGlobals) = postSolution
		SolutionGuid = {60734EFA-6C95-4808-997E-6A0158DF517D}
	EndGlobalSection
EndGlobal
